
Microsoft Visual Studio Solution File, Format Version 12.00
# Visual Studio 2013
VisualStudioVersion = 12.0.31101.0
MinimumVisualStudioVersion = 10.0.40219.1
Project("{FAE04EC0-301F-11D3-BF4B-00C04F79EFBC}") = "ThreadingMkI", "ThreadingMkI\ThreadingMkI.csproj", "{09524B0F-A072-45A0-B026-9889C0AAE6CE}"
EndProject
Project("{FAE04EC0-301F-11D3-BF4B-00C04F79EFBC}") = "ThreadingMkII", "ThreadingMkII\ThreadingMkII.csproj", "{8030FF1F-9BCA-4132-94E3-66CBCE6C166F}"
EndProject
Project("{FAE04EC0-301F-11D3-BF4B-00C04F79EFBC}") = "ThreadingMkIII", "ThreadingMkIII\ThreadingMkIII.csproj", "{D35393BD-053F-402E-A998-52A6822FD7ED}"
EndProject
Global
	GlobalSection(SolutionConfigurationPlatforms) = preSolution
		Debug|Any CPU = Debug|Any CPU
		Release|Any CPU = Release|Any CPU
	EndGlobalSection
	GlobalSection(ProjectConfigurationPlatforms) = postSolution
		{09524B0F-A072-45A0-B026-9889C0AAE6CE}.Debug|Any CPU.ActiveCfg = Debug|Any CPU
		{09524B0F-A072-45A0-B026-9889C0AAE6CE}.Debug|Any CPU.Build.0 = Debug|Any CPU
		{09524B0F-A072-45A0-B026-9889C0AAE6CE}.Release|Any CPU.ActiveCfg = Release|Any CPU
		{09524B0F-A072-45A0-B026-9889C0AAE6CE}.Release|Any CPU.Build.0 = Release|Any CPU
		{8030FF1F-9BCA-4132-94E3-66CBCE6C166F}.Debug|Any CPU.ActiveCfg = Debug|Any CPU
		{8030FF1F-9BCA-4132-94E3-66CBCE6C166F}.Debug|Any CPU.Build.0 = Debug|Any CPU
		{8030FF1F-9BCA-4132-94E3-66CBCE6C166F}.Release|Any CPU.ActiveCfg = Release|Any CPU
		{8030FF1F-9BCA-4132-94E3-66CBCE6C166F}.Release|Any CPU.Build.0 = Release|Any CPU
		{D35393BD-053F-402E-A998-52A6822FD7ED}.Debug|Any CPU.ActiveCfg = Debug|Any CPU
		{D35393BD-053F-402E-A998-52A6822FD7ED}.Debug|Any CPU.Build.0 = Debug|Any CPU
		{D35393BD-053F-402E-A998-52A6822FD7ED}.Release|Any CPU.ActiveCfg = Release|Any CPU
		{D35393BD-053F-402E-A998-52A6822FD7ED}.Release|Any CPU.Build.0 = Release|Any CPU
	EndGlobalSection
	GlobalSection(SolutionProperties) = preSolution
		HideSolutionNode = FALSE
	EndGlobalSection
EndGlobal
